<?xml version="1.0" encoding="utf-8"?>
<Project ToolsVersion="4.0" xmlns="http://schemas.microsoft.com/developer/msbuild/2003">
  <ItemGroup>
    <Filter Include="源文件">
      <UniqueIdentifier>{4FC737F1-C7A5-4376-A066-2A32D752A2FF}</UniqueIdentifier>
      <Extensions>cpp;c;cc;cxx;def;odl;idl;hpj;bat;asm;asmx</Extensions>
    </Filter>
    <Filter Include="头文件">
      <UniqueIdentifier>{93995380-89BD-4b04-88EB-625FBE52EBFB}</UniqueIdentifier>
      <Extensions>h;hh;hpp;hxx;hm;inl;inc;xsd</Extensions>
    </Filter>
    <Filter Include="资源文件">
      <UniqueIdentifier>{67DA6AB6-F800-4c08-8B7A-83BB121AAD01}</UniqueIdentifier>
      <Extensions>rc;ico;cur;bmp;dlg;rc2;rct;bin;rgs;gif;jpg;jpeg;jpe;resx;tiff;tif;png;wav;mfcribbon-ms</Extensions>
    </Filter>
  </ItemGroup>
  <ItemGroup>
    <Text Include="ReadMe.txt" />
  </ItemGroup>
  <ItemGroup>
    <ClInclude Include="LLK.h">
      <Filter>头文件</Filter>
    </ClInclude>
    <ClInclude Include="LLKDlg.h">
      <Filter>头文件</Filter>
    </ClInclude>
    <ClInclude Include="stdafx.h">
      <Filter>头文件</Filter>
    </ClInclude>
    <ClInclude Include="targetver.h">
      <Filter>头文件</Filter>
    </ClInclude>
    <ClInclude Include="Resource.h">
      <Filter>头文件</Filter>
    </ClInclude>
    <ClInclude Include="GameDlg.h">
      <Filter>头文件</Filter>
    </ClInclude>
    <ClInclude Include="global.h">
      <Filter>头文件</Filter>
    </ClInclude>
    <ClInclude Include="GameLogic.h">
      <Filter>头文件</Filter>
    </ClInclude>
    <ClInclude Include="GameControl.h">
      <Filter>头文件</Filter>
    </ClInclude>
    <ClInclude Include="CONSTANT.h">
      <Filter>头文件</Filter>
    </ClInclude>
    <ClInclude Include="Graph.h">
      <Filter>头文件</Filter>
    </ClInclude>
    <ClInclude Include="HelpDialog.h">
      <Filter>头文件</Filter>
    </ClInclude>
    <ClInclude Include="EasyGame.h">
      <Filter>头文件</Filter>
    </ClInclude>
    <ClInclude Include="BaseGame.h">
      <Filter>头文件</Filter>
    </ClInclude>
    <ClInclude Include="EasyGameDlg.h">
      <Filter>头文件</Filter>
    </ClInclude>
    <ClInclude Include="ScoreLogic.h">
      <Filter>头文件</Filter>
    </ClInclude>
    <ClInclude Include="ScoreDao.h">
      <Filter>头文件</Filter>
    </ClInclude>
    <ClInclude Include="RankDlg.h">
      <Filter>头文件</Filter>
    </ClInclude>
    <ClInclude Include="ThemeOptionDlg.h">
      <Filter>头文件</Filter>
    </ClInclude>
    <ClInclude Include="Config.h">
      <Filter>头文件</Filter>
    </ClInclude>
    <ClInclude Include="SettingDlg.h">
      <Filter>头文件</Filter>
    </ClInclude>
    <ClInclude Include="BKOptionDlg.h">
      <Filter>头文件</Filter>
    </ClInclude>
    <ClInclude Include="MusicOptionDlg.h">
      <Filter>头文件</Filter>
    </ClInclude>
    <ClInclude Include="GameLevelDlg.h">
      <Filter>头文件</Filter>
    </ClInclude>
  </ItemGroup>
  <ItemGroup>
    <ClCompile Include="LLK.cpp">
      <Filter>源文件</Filter>
    </ClCompile>
    <ClCompile Include="LLKDlg.cpp">
      <Filter>源文件</Filter>
    </ClCompile>
    <ClCompile Include="stdafx.cpp">
      <Filter>源文件</Filter>
    </ClCompile>
    <ClCompile Include="GameDlg.cpp">
      <Filter>源文件</Filter>
    </ClCompile>
    <ClCompile Include="GameLogic.cpp">
      <Filter>源文件</Filter>
    </ClCompile>
    <ClCompile Include="GameControl.cpp">
      <Filter>源文件</Filter>
    </ClCompile>
    <ClCompile Include="Graph.cpp">
      <Filter>源文件</Filter>
    </ClCompile>
    <ClCompile Include="HelpDialog.cpp">
      <Filter>源文件</Filter>
    </ClCompile>
    <ClCompile Include="EasyGame.cpp">
      <Filter>源文件</Filter>
    </ClCompile>
    <ClCompile Include="BaseGame.cpp">
      <Filter>源文件</Filter>
    </ClCompile>
    <ClCompile Include="EasyGameDlg.cpp">
      <Filter>源文件</Filter>
    </ClCompile>
    <ClCompile Include="ScoreLogic.cpp">
      <Filter>源文件</Filter>
    </ClCompile>
    <ClCompile Include="ScoreDao.cpp">
      <Filter>源文件</Filter>
    </ClCompile>
    <ClCompile Include="RankDlg.cpp">
      <Filter>源文件</Filter>
    </ClCompile>
    <ClCompile Include="ThemeOptionDlg.cpp">
      <Filter>源文件</Filter>
    </ClCompile>
    <ClCompile Include="Config.cpp">
      <Filter>源文件</Filter>
    </ClCompile>
    <ClCompile Include="SettingDlg.cpp">
      <Filter>源文件</Filter>
    </ClCompile>
    <ClCompile Include="BKOptionDlg.cpp">
      <Filter>源文件</Filter>
    </ClCompile>
    <ClCompile Include="MusicOptionDlg.cpp">
      <Filter>源文件</Filter>
    </ClCompile>
    <ClCompile Include="GameLevelDlg.cpp">
      <Filter>源文件</Filter>
    </ClCompile>
  </ItemGroup>
  <ItemGroup>
    <ResourceCompile Include="LLK.rc">
      <Filter>资源文件</Filter>
    </ResourceCompile>
  </ItemGroup>
  <ItemGroup>
    <None Include="res\LLK.rc2">
      <Filter>资源文件</Filter>
    </None>
  </ItemGroup>
  <ItemGroup>
    <Image Include="res\LLK.ico">
      <Filter>资源文件</Filter>
    </Image>
    <Image Include="res\bg.bmp">
      <Filter>资源文件</Filter>
    </Image>
    <Image Include="res\icon1.ico">
      <Filter>资源文件</Filter>
    </Image>
    <Image Include="res\小埋 .ico">
      <Filter>资源文件</Filter>
    </Image>
    <Image Include="res\小埋.ico">
      <Filter>资源文件</Filter>
    </Image>
    <Image Include="res\bitmap1.bmp">
      <Filter>资源文件</Filter>
    </Image>
    <Image Include="source\help\mainFrame_help.bmp">
      <Filter>资源文件</Filter>
    </Image>
    <Image Include="res\bk.bmp">
      <Filter>资源文件</Filter>
    </Image>
  </ItemGroup>
</Project>